// !$*UTF8*$!
{
	archiveVersion = 1;
	classes = {
	};
	objectVersion = 46;
	objects = {

/* Begin PBXBuildFile section */
		201229231AD0597F00FE89FA /* AutoLayoutDSLTest.swift in Sources */ = {isa = PBXBuildFile; fileRef = 201229221AD0597F00FE89FA /* AutoLayoutDSLTest.swift */; };
		201229241AD0597F00FE89FA /* AutoLayoutDSLTest.swift in Sources */ = {isa = PBXBuildFile; fileRef = 201229221AD0597F00FE89FA /* AutoLayoutDSLTest.swift */; };
		206167281AD04B3700C90C4A /* Crew.h in Headers */ = {isa = PBXBuildFile; fileRef = 206167271AD04B3700C90C4A /* Crew.h */; settings = {ATTRIBUTES = (Public, ); }; };
		2061672E1AD04B3700C90C4A /* Crew.framework in Frameworks */ = {isa = PBXBuildFile; fileRef = 206167221AD04B3700C90C4A /* Crew.framework */; };
		20F2E01A1AD04B8600CE926A /* AutoLayout+DSL.swift in Sources */ = {isa = PBXBuildFile; fileRef = 20F2E0191AD04B8600CE926A /* AutoLayout+DSL.swift */; };
		20F2E02B1AD0520200CE926A /* Crew.framework in Frameworks */ = {isa = PBXBuildFile; fileRef = 20F2E0201AD0520100CE926A /* Crew.framework */; };
		20F2E0391AD0521400CE926A /* AutoLayout+DSL.swift in Sources */ = {isa = PBXBuildFile; fileRef = 20F2E0191AD04B8600CE926A /* AutoLayout+DSL.swift */; };
/* End PBXBuildFile section */

/* Begin PBXContainerItemProxy section */
		2061672F1AD04B3700C90C4A /* PBXContainerItemProxy */ = {
			isa = PBXContainerItemProxy;
			containerPortal = 206167191AD04B3700C90C4A /* Project object */;
			proxyType = 1;
			remoteGlobalIDString = 206167211AD04B3700C90C4A;
			remoteInfo = Crew;
		};
		20F2E02C1AD0520200CE926A /* PBXContainerItemProxy */ = {
			isa = PBXContainerItemProxy;
			containerPortal = 206167191AD04B3700C90C4A /* Project object */;
			proxyType = 1;
			remoteGlobalIDString = 20F2E01F1AD0520100CE926A;
			remoteInfo = "Crew-OSX";
		};
/* End PBXContainerItemProxy section */

/* Begin PBXFileReference section */
		201229221AD0597F00FE89FA /* AutoLayoutDSLTest.swift */ = {isa = PBXFileReference; fileEncoding = 4; lastKnownFileType = sourcecode.swift; path = AutoLayoutDSLTest.swift; sourceTree = "<group>"; };
		206167221AD04B3700C90C4A /* Crew.framework */ = {isa = PBXFileReference; explicitFileType = wrapper.framework; includeInIndex = 0; path = Crew.framework; sourceTree = BUILT_PRODUCTS_DIR; };
		206167261AD04B3700C90C4A /* Info.plist */ = {isa = PBXFileReference; lastKnownFileType = text.plist.xml; path = Info.plist; sourceTree = "<group>"; };
		206167271AD04B3700C90C4A /* Crew.h */ = {isa = PBXFileReference; lastKnownFileType = sourcecode.c.h; path = Crew.h; sourceTree = "<group>"; };
		2061672D1AD04B3700C90C4A /* Crew-iOSTests.xctest */ = {isa = PBXFileReference; explicitFileType = wrapper.cfbundle; includeInIndex = 0; path = "Crew-iOSTests.xctest"; sourceTree = BUILT_PRODUCTS_DIR; };
		206167331AD04B3700C90C4A /* Info.plist */ = {isa = PBXFileReference; lastKnownFileType = text.plist.xml; path = Info.plist; sourceTree = "<group>"; };
		20F2E0191AD04B8600CE926A /* AutoLayout+DSL.swift */ = {isa = PBXFileReference; fileEncoding = 4; lastKnownFileType = sourcecode.swift; path = "AutoLayout+DSL.swift"; sourceTree = "<group>"; };
		20F2E0201AD0520100CE926A /* Crew.framework */ = {isa = PBXFileReference; explicitFileType = wrapper.framework; includeInIndex = 0; path = Crew.framework; sourceTree = BUILT_PRODUCTS_DIR; };
		20F2E02A1AD0520100CE926A /* Crew-OSXTests.xctest */ = {isa = PBXFileReference; explicitFileType = wrapper.cfbundle; includeInIndex = 0; path = "Crew-OSXTests.xctest"; sourceTree = BUILT_PRODUCTS_DIR; };
/* End PBXFileReference section */

/* Begin PBXFrameworksBuildPhase section */
		2061671E1AD04B3700C90C4A /* Frameworks */ = {
			isa = PBXFrameworksBuildPhase;
			buildActionMask = 2147483647;
			files = (
			);
			runOnlyForDeploymentPostprocessing = 0;
		};
		2061672A1AD04B3700C90C4A /* Frameworks */ = {
			isa = PBXFrameworksBuildPhase;
			buildActionMask = 2147483647;
			files = (
				2061672E1AD04B3700C90C4A /* Crew.framework in Frameworks */,
			);
			runOnlyForDeploymentPostprocessing = 0;
		};
		20F2E01C1AD0520100CE926A /* Frameworks */ = {
			isa = PBXFrameworksBuildPhase;
			buildActionMask = 2147483647;
			files = (
			);
			runOnlyForDeploymentPostprocessing = 0;
		};
		20F2E0271AD0520100CE926A /* Frameworks */ = {
			isa = PBXFrameworksBuildPhase;
			buildActionMask = 2147483647;
			files = (
				20F2E02B1AD0520200CE926A /* Crew.framework in Frameworks */,
			);
			runOnlyForDeploymentPostprocessing = 0;
		};
/* End PBXFrameworksBuildPhase section */

/* Begin PBXGroup section */
		206167181AD04B3700C90C4A = {
			isa = PBXGroup;
			children = (
				206167241AD04B3700C90C4A /* Crew */,
				206167311AD04B3700C90C4A /* CrewTests */,
				206167231AD04B3700C90C4A /* Products */,
			);
			sourceTree = "<group>";
		};
		206167231AD04B3700C90C4A /* Products */ = {
			isa = PBXGroup;
			children = (
				206167221AD04B3700C90C4A /* Crew.framework */,
				2061672D1AD04B3700C90C4A /* Crew-iOSTests.xctest */,
				20F2E0201AD0520100CE926A /* Crew.framework */,
				20F2E02A1AD0520100CE926A /* Crew-OSXTests.xctest */,
			);
			name = Products;
			sourceTree = "<group>";
		};
		206167241AD04B3700C90C4A /* Crew */ = {
			isa = PBXGroup;
			children = (
				206167271AD04B3700C90C4A /* Crew.h */,
				20F2E0191AD04B8600CE926A /* AutoLayout+DSL.swift */,
				206167251AD04B3700C90C4A /* Supporting Files */,
			);
			path = Crew;
			sourceTree = "<group>";
		};
		206167251AD04B3700C90C4A /* Supporting Files */ = {
			isa = PBXGroup;
			children = (
				206167261AD04B3700C90C4A /* Info.plist */,
			);
			name = "Supporting Files";
			sourceTree = "<group>";
		};
		206167311AD04B3700C90C4A /* CrewTests */ = {
			isa = PBXGroup;
			children = (
				201229221AD0597F00FE89FA /* AutoLayoutDSLTest.swift */,
				206167321AD04B3700C90C4A /* Supporting Files */,
			);
			path = CrewTests;
			sourceTree = "<group>";
		};
		206167321AD04B3700C90C4A /* Supporting Files */ = {
			isa = PBXGroup;
			children = (
				206167331AD04B3700C90C4A /* Info.plist */,
			);
			name = "Supporting Files";
			sourceTree = "<group>";
		};
/* End PBXGroup section */

/* Begin PBXHeadersBuildPhase section */
		2061671F1AD04B3700C90C4A /* Headers */ = {
			isa = PBXHeadersBuildPhase;
			buildActionMask = 2147483647;
			files = (
				206167281AD04B3700C90C4A /* Crew.h in Headers */,
			);
			runOnlyForDeploymentPostprocessing = 0;
		};
		20F2E01D1AD0520100CE926A /* Headers */ = {
			isa = PBXHeadersBuildPhase;
			buildActionMask = 2147483647;
			files = (
			);
			runOnlyForDeploymentPostprocessing = 0;
		};
/* End PBXHeadersBuildPhase section */

/* Begin PBXNativeTarget section */
		206167211AD04B3700C90C4A /* Crew-iOS */ = {
			isa = PBXNativeTarget;
			buildConfigurationList = 206167381AD04B3700C90C4A /* Build configuration list for PBXNativeTarget "Crew-iOS" */;
			buildPhases = (
				2061671D1AD04B3700C90C4A /* Sources */,
				2061671E1AD04B3700C90C4A /* Frameworks */,
				2061671F1AD04B3700C90C4A /* Headers */,
				206167201AD04B3700C90C4A /* Resources */,
			);
			buildRules = (
			);
			dependencies = (
			);
			name = "Crew-iOS";
			productName = Crew;
			productReference = 206167221AD04B3700C90C4A /* Crew.framework */;
			productType = "com.apple.product-type.framework";
		};
		2061672C1AD04B3700C90C4A /* Crew-iOSTests */ = {
			isa = PBXNativeTarget;
			buildConfigurationList = 2061673B1AD04B3700C90C4A /* Build configuration list for PBXNativeTarget "Crew-iOSTests" */;
			buildPhases = (
				206167291AD04B3700C90C4A /* Sources */,
				2061672A1AD04B3700C90C4A /* Frameworks */,
				2061672B1AD04B3700C90C4A /* Resources */,
			);
			buildRules = (
			);
			dependencies = (
				206167301AD04B3700C90C4A /* PBXTargetDependency */,
			);
			name = "Crew-iOSTests";
			productName = CrewTests;
			productReference = 2061672D1AD04B3700C90C4A /* Crew-iOSTests.xctest */;
			productType = "com.apple.product-type.bundle.unit-test";
		};
		20F2E01F1AD0520100CE926A /* Crew-OSX */ = {
			isa = PBXNativeTarget;
			buildConfigurationList = 20F2E0331AD0520200CE926A /* Build configuration list for PBXNativeTarget "Crew-OSX" */;
			buildPhases = (
				20F2E01B1AD0520100CE926A /* Sources */,
				20F2E01C1AD0520100CE926A /* Frameworks */,
				20F2E01D1AD0520100CE926A /* Headers */,
				20F2E01E1AD0520100CE926A /* Resources */,
			);
			buildRules = (
			);
			dependencies = (
			);
			name = "Crew-OSX";
			productName = "Crew-OSX";
			productReference = 20F2E0201AD0520100CE926A /* Crew.framework */;
			productType = "com.apple.product-type.framework";
		};
		20F2E0291AD0520100CE926A /* Crew-OSXTests */ = {
			isa = PBXNativeTarget;
			buildConfigurationList = 20F2E0361AD0520200CE926A /* Build configuration list for PBXNativeTarget "Crew-OSXTests" */;
			buildPhases = (
				20F2E0261AD0520100CE926A /* Sources */,
				20F2E0271AD0520100CE926A /* Frameworks */,
				20F2E0281AD0520100CE926A /* Resources */,
			);
			buildRules = (
			);
			dependencies = (
				20F2E02D1AD0520200CE926A /* PBXTargetDependency */,
			);
			name = "Crew-OSXTests";
			productName = "Crew-OSXTests";
			productReference = 20F2E02A1AD0520100CE926A /* Crew-OSXTests.xctest */;
			productType = "com.apple.product-type.bundle.unit-test";
		};
/* End PBXNativeTarget section */

/* Begin PBXProject section */
		206167191AD04B3700C90C4A /* Project object */ = {
			isa = PBXProject;
			attributes = {
				LastUpgradeCheck = 0620;
				ORGANIZATIONNAME = "Kazumasa Kaneko";
				TargetAttributes = {
					206167211AD04B3700C90C4A = {
						CreatedOnToolsVersion = 6.2;
					};
					2061672C1AD04B3700C90C4A = {
						CreatedOnToolsVersion = 6.2;
					};
					20F2E01F1AD0520100CE926A = {
						CreatedOnToolsVersion = 6.2;
					};
					20F2E0291AD0520100CE926A = {
						CreatedOnToolsVersion = 6.2;
					};
				};
			};
			buildConfigurationList = 2061671C1AD04B3700C90C4A /* Build configuration list for PBXProject "Crew" */;
			compatibilityVersion = "Xcode 3.2";
			developmentRegion = English;
			hasScannedForEncodings = 0;
			knownRegions = (
				en,
			);
			mainGroup = 206167181AD04B3700C90C4A;
			productRefGroup = 206167231AD04B3700C90C4A /* Products */;
			projectDirPath = "";
			projectRoot = "";
			targets = (
				206167211AD04B3700C90C4A /* Crew-iOS */,
				2061672C1AD04B3700C90C4A /* Crew-iOSTests */,
				20F2E01F1AD0520100CE926A /* Crew-OSX */,
				20F2E0291AD0520100CE926A /* Crew-OSXTests */,
			);
		};
/* End PBXProject section */

/* Begin PBXResourcesBuildPhase section */
		206167201AD04B3700C90C4A /* Resources */ = {
			isa = PBXResourcesBuildPhase;
			buildActionMask = 2147483647;
			files = (
			);
			runOnlyForDeploymentPostprocessing = 0;
		};
		2061672B1AD04B3700C90C4A /* Resources */ = {
			isa = PBXResourcesBuildPhase;
			buildActionMask = 2147483647;
			files = (
			);
			runOnlyForDeploymentPostprocessing = 0;
		};
		20F2E01E1AD0520100CE926A /* Resources */ = {
			isa = PBXResourcesBuildPhase;
			buildActionMask = 2147483647;
			files = (
			);
			runOnlyForDeploymentPostprocessing = 0;
		};
		20F2E0281AD0520100CE926A /* Resources */ = {
			isa = PBXResourcesBuildPhase;
			buildActionMask = 2147483647;
			files = (
			);
			runOnlyForDeploymentPostprocessing = 0;
		};
/* End PBXResourcesBuildPhase section */

/* Begin PBXSourcesBuildPhase section */
		2061671D1AD04B3700C90C4A /* Sources */ = {
			isa = PBXSourcesBuildPhase;
			buildActionMask = 2147483647;
			files = (
				20F2E01A1AD04B8600CE926A /* AutoLayout+DSL.swift in Sources */,
			);
			runOnlyForDeploymentPostprocessing = 0;
		};
		206167291AD04B3700C90C4A /* Sources */ = {
			isa = PBXSourcesBuildPhase;
			buildActionMask = 2147483647;
			files = (
				201229231AD0597F00FE89FA /* AutoLayoutDSLTest.swift in Sources */,
			);
			runOnlyForDeploymentPostprocessing = 0;
		};
		20F2E01B1AD0520100CE926A /* Sources */ = {
			isa = PBXSourcesBuildPhase;
			buildActionMask = 2147483647;
			files = (
				20F2E0391AD0521400CE926A /* AutoLayout+DSL.swift in Sources */,
			);
			runOnlyForDeploymentPostprocessing = 0;
		};
		20F2E0261AD0520100CE926A /* Sources */ = {
			isa = PBXSourcesBuildPhase;
			buildActionMask = 2147483647;
			files = (
				201229241AD0597F00FE89FA /* AutoLayoutDSLTest.swift in Sources */,
			);
			runOnlyForDeploymentPostprocessing = 0;
		};
/* End PBXSourcesBuildPhase section */

/* Begin PBXTargetDependency section */
		206167301AD04B3700C90C4A /* PBXTargetDependency */ = {
			isa = PBXTargetDependency;
			target = 206167211AD04B3700C90C4A /* Crew-iOS */;
			targetProxy = 2061672F1AD04B3700C90C4A /* PBXContainerItemProxy */;
		};
		20F2E02D1AD0520200CE926A /* PBXTargetDependency */ = {
			isa = PBXTargetDependency;
			target = 20F2E01F1AD0520100CE926A /* Crew-OSX */;
			targetProxy = 20F2E02C1AD0520200CE926A /* PBXContainerItemProxy */;
		};
/* End PBXTargetDependency section */

/* Begin XCBuildConfiguration section */
		206167361AD04B3700C90C4A /* Debug */ = {
			isa = XCBuildConfiguration;
			buildSettings = {
				ALWAYS_SEARCH_USER_PATHS = NO;
				CLANG_CXX_LANGUAGE_STANDARD = "gnu++0x";
				CLANG_CXX_LIBRARY = "libc++";
				CLANG_ENABLE_MODULES = YES;
				CLANG_ENABLE_OBJC_ARC = YES;
				CLANG_WARN_BOOL_CONVERSION = YES;
				CLANG_WARN_CONSTANT_CONVERSION = YES;
				CLANG_WARN_DIRECT_OBJC_ISA_USAGE = YES_ERROR;
				CLANG_WARN_EMPTY_BODY = YES;
				CLANG_WARN_ENUM_CONVERSION = YES;
				CLANG_WARN_INT_CONVERSION = YES;
				CLANG_WARN_OBJC_ROOT_CLASS = YES_ERROR;
				CLANG_WARN_UNREACHABLE_CODE = YES;
				CLANG_WARN__DUPLICATE_METHOD_MATCH = YES;
				"CODE_SIGN_IDENTITY[sdk=iphoneos*]" = "iPhone Developer";
				COPY_PHASE_STRIP = NO;
				CURRENT_PROJECT_VERSION = 1;
				ENABLE_STRICT_OBJC_MSGSEND = YES;
				GCC_C_LANGUAGE_STANDARD = gnu99;
				GCC_DYNAMIC_NO_PIC = NO;
				GCC_OPTIMIZATION_LEVEL = 0;
				GCC_PREPROCESSOR_DEFINITIONS = (
					"DEBUG=1",
					"$(inherited)",
				);
				GCC_SYMBOLS_PRIVATE_EXTERN = NO;
				GCC_WARN_64_TO_32_BIT_CONVERSION = YES;
				GCC_WARN_ABOUT_RETURN_TYPE = YES_ERROR;
				GCC_WARN_UNDECLARED_SELECTOR = YES;
				GCC_WARN_UNINITIALIZED_AUTOS = YES_AGGRESSIVE;
				GCC_WARN_UNUSED_FUNCTION = YES;
				GCC_WARN_UNUSED_VARIABLE = YES;
				IPHONEOS_DEPLOYMENT_TARGET = 8.2;
				MTL_ENABLE_DEBUG_INFO = YES;
				ONLY_ACTIVE_ARCH = YES;
				SDKROOT = iphoneos;
				SWIFT_OPTIMIZATION_LEVEL = "-Onone";
				TARGETED_DEVICE_FAMILY = "1,2";
				VERSIONING_SYSTEM = "apple-generic";
				VERSION_INFO_PREFIX = "";
			};
			name = Debug;
		};
		206167371AD04B3700C90C4A /* Release */ = {
			isa = XCBuildConfiguration;
			buildSettings = {
				ALWAYS_SEARCH_USER_PATHS = NO;
				CLANG_CXX_LANGUAGE_STANDARD = "gnu++0x";
				CLANG_CXX_LIBRARY = "libc++";
				CLANG_ENABLE_MODULES = YES;
				CLANG_ENABLE_OBJC_ARC = YES;
				CLANG_WARN_BOOL_CONVERSION = YES;
				CLANG_WARN_CONSTANT_CONVERSION = YES;
				CLANG_WARN_DIRECT_OBJC_ISA_USAGE = YES_ERROR;
				CLANG_WARN_EMPTY_BODY = YES;
				CLANG_WARN_ENUM_CONVERSION = YES;
				CLANG_WARN_INT_CONVERSION = YES;
				CLANG_WARN_OBJC_ROOT_CLASS = YES_ERROR;
				CLANG_WARN_UNREACHABLE_CODE = YES;
				CLANG_WARN__DUPLICATE_METHOD_MATCH = YES;
				"CODE_SIGN_IDENTITY[sdk=iphoneos*]" = "iPhone Developer";
				COPY_PHASE_STRIP = NO;
				CURRENT_PROJECT_VERSION = 1;
				ENABLE_NS_ASSERTIONS = NO;
				ENABLE_STRICT_OBJC_MSGSEND = YES;
				GCC_C_LANGUAGE_STANDARD = gnu99;
				GCC_WARN_64_TO_32_BIT_CONVERSION = YES;
				GCC_WARN_ABOUT_RETURN_TYPE = YES_ERROR;
				GCC_WARN_UNDECLARED_SELECTOR = YES;
				GCC_WARN_UNINITIALIZED_AUTOS = YES_AGGRESSIVE;
				GCC_WARN_UNUSED_FUNCTION = YES;
				GCC_WARN_UNUSED_VARIABLE = YES;
				IPHONEOS_DEPLOYMENT_TARGET = 8.2;
				MTL_ENABLE_DEBUG_INFO = NO;
				SDKROOT = iphoneos;
				TARGETED_DEVICE_FAMILY = "1,2";
				VALIDATE_PRODUCT = YES;
				VERSIONING_SYSTEM = "apple-generic";
				VERSION_INFO_PREFIX = "";
			};
			name = Release;
		};
		206167391AD04B3700C90C4A /* Debug */ = {
			isa = XCBuildConfiguration;
			buildSettings = {
				CLANG_ENABLE_MODULES = YES;
				DEFINES_MODULE = YES;
				DYLIB_COMPATIBILITY_VERSION = 1;
				DYLIB_CURRENT_VERSION = 1;
				DYLIB_INSTALL_NAME_BASE = "@rpath";
				INFOPLIST_FILE = Crew/Info.plist;
				INSTALL_PATH = "$(LOCAL_LIBRARY_DIR)/Frameworks";
				LD_RUNPATH_SEARCH_PATHS = "$(inherited) @executable_path/Frameworks @loader_path/Frameworks";
				PRODUCT_NAME = Crew;
				SKIP_INSTALL = YES;
				SWIFT_OPTIMIZATION_LEVEL = "-Onone";
			};
			name = Debug;
		};
		2061673A1AD04B3700C90C4A /* Release */ = {
			isa = XCBuildConfiguration;
			buildSettings = {
				CLANG_ENABLE_MODULES = YES;
				DEFINES_MODULE = YES;
				DYLIB_COMPATIBILITY_VERSION = 1;
				DYLIB_CURRENT_VERSION = 1;
				DYLIB_INSTALL_NAME_BASE = "@rpath";
				INFOPLIST_FILE = Crew/Info.plist;
				INSTALL_PATH = "$(LOCAL_LIBRARY_DIR)/Frameworks";
				LD_RUNPATH_SEARCH_PATHS = "$(inherited) @executable_path/Frameworks @loader_path/Frameworks";
				PRODUCT_NAME = Crew;
				SKIP_INSTALL = YES;
			};
			name = Release;
		};
		2061673C1AD04B3700C90C4A /* Debug */ = {
			isa = XCBuildConfiguration;
			buildSettings = {
				FRAMEWORK_SEARCH_PATHS = (
					"$(SDKROOT)/Developer/Library/Frameworks",
					"$(inherited)",
				);
				GCC_PREPROCESSOR_DEFINITIONS = (
					"DEBUG=1",
					"$(inherited)",
				);
				INFOPLIST_FILE = CrewTests/Info.plist;
				LD_RUNPATH_SEARCH_PATHS = "$(inherited) @executable_path/Frameworks @loader_path/Frameworks";
				PRODUCT_NAME = "$(TARGET_NAME)";
			};
			name = Debug;
		};
		2061673D1AD04B3700C90C4A /* Release */ = {
			isa = XCBuildConfiguration;
			buildSettings = {
				FRAMEWORK_SEARCH_PATHS = (
					"$(SDKROOT)/Developer/Library/Frameworks",
					"$(inherited)",
				);
				INFOPLIST_FILE = CrewTests/Info.plist;
				LD_RUNPATH_SEARCH_PATHS = "$(inherited) @executable_path/Frameworks @loader_path/Frameworks";
				PRODUCT_NAME = "$(TARGET_NAME)";
			};
			name = Release;
		};
		20F2E0341AD0520200CE926A /* Debug */ = {
			isa = XCBuildConfiguration;
			buildSettings = {
				COMBINE_HIDPI_IMAGES = YES;
				DEFINES_MODULE = YES;
				DYLIB_COMPATIBILITY_VERSION = 1;
				DYLIB_CURRENT_VERSION = 1;
				DYLIB_INSTALL_NAME_BASE = "@rpath";
				FRAMEWORK_VERSION = A;
				GCC_PREPROCESSOR_DEFINITIONS = (
					"DEBUG=1",
					"$(inherited)",
				);
				INFOPLIST_FILE = Crew/Info.plist;
				INSTALL_PATH = "$(LOCAL_LIBRARY_DIR)/Frameworks";
				LD_RUNPATH_SEARCH_PATHS = "$(inherited) @executable_path/../Frameworks @loader_path/Frameworks";
				MACOSX_DEPLOYMENT_TARGET = 10.10;
				PRODUCT_NAME = Crew;
				SDKROOT = macosx;
				SKIP_INSTALL = YES;
			};
			name = Debug;
		};
		20F2E0351AD0520200CE926A /* Release */ = {
			isa = XCBuildConfiguration;
			buildSettings = {
				COMBINE_HIDPI_IMAGES = YES;
				DEBUG_INFORMATION_FORMAT = "dwarf-with-dsym";
				DEFINES_MODULE = YES;
				DYLIB_COMPATIBILITY_VERSION = 1;
				DYLIB_CURRENT_VERSION = 1;
				DYLIB_INSTALL_NAME_BASE = "@rpath";
				FRAMEWORK_VERSION = A;
				INFOPLIST_FILE = Crew/Info.plist;
				INSTALL_PATH = "$(LOCAL_LIBRARY_DIR)/Frameworks";
				LD_RUNPATH_SEARCH_PATHS = "$(inherited) @executable_path/../Frameworks @loader_path/Frameworks";
				MACOSX_DEPLOYMENT_TARGET = 10.10;
				PRODUCT_NAME = Crew;
				SDKROOT = macosx;
				SKIP_INSTALL = YES;
			};
			name = Release;
		};
		20F2E0371AD0520200CE926A /* Debug */ = {
			isa = XCBuildConfiguration;
			buildSettings = {
				COMBINE_HIDPI_IMAGES = YES;
				FRAMEWORK_SEARCH_PATHS = (
					"$(DEVELOPER_FRAMEWORKS_DIR)",
					"$(inherited)",
				);
				GCC_PREPROCESSOR_DEFINITIONS = (
					"DEBUG=1",
					"$(inherited)",
				);
				INFOPLIST_FILE = CrewTests/Info.plist;
				LD_RUNPATH_SEARCH_PATHS = "$(inherited) @executable_path/../Frameworks @loader_path/../Frameworks";
				MACOSX_DEPLOYMENT_TARGET = 10.10;
				PRODUCT_NAME = "$(TARGET_NAME)";
				SDKROOT = macosx;
			};
			name = Debug;
		};
		20F2E0381AD0520200CE926A /* Release */ = {
			isa = XCBuildConfiguration;
			buildSettings = {
				COMBINE_HIDPI_IMAGES = YES;
				DEBUG_INFORMATION_FORMAT = "dwarf-with-dsym";
				FRAMEWORK_SEARCH_PATHS = (
					"$(DEVELOPER_FRAMEWORKS_DIR)",
					"$(inherited)",
				);
				INFOPLIST_FILE = CrewTests/Info.plist;
				LD_RUNPATH_SEARCH_PATHS = "$(inherited) @executable_path/../Frameworks @loader_path/../Frameworks";
				MACOSX_DEPLOYMENT_TARGET = 10.10;
				PRODUCT_NAME = "$(TARGET_NAME)";
				SDKROOT = macosx;
			};
			name = Release;
		};
/* End XCBuildConfiguration section */

/* Begin XCConfigurationList section */
		2061671C1AD04B3700C90C4A /* Build configuration list for PBXProject "Crew" */ = {
			isa = XCConfigurationList;
			buildConfigurations = (
				206167361AD04B3700C90C4A /* Debug */,
				206167371AD04B3700C90C4A /* Release */,
			);
			defaultConfigurationIsVisible = 0;
			defaultConfigurationName = Release;
		};
		206167381AD04B3700C90C4A /* Build configuration list for PBXNativeTarget "Crew-iOS" */ = {
			isa = XCConfigurationList;
			buildConfigurations = (
				206167391AD04B3700C90C4A /* Debug */,
				2061673A1AD04B3700C90C4A /* Release */,
			);
			defaultConfigurationIsVisible = 0;
			defaultConfigurationName = Release;
		};
		2061673B1AD04B3700C90C4A /* Build configuration list for PBXNativeTarget "Crew-iOSTests" */ = {
			isa = XCConfigurationList;
			buildConfigurations = (
				2061673C1AD04B3700C90C4A /* Debug */,
				2061673D1AD04B3700C90C4A /* Release */,
			);
			defaultConfigurationIsVisible = 0;
			defaultConfigurationName = Release;
		};
		20F2E0331AD0520200CE926A /* Build configuration list for PBXNativeTarget "Crew-OSX" */ = {
			isa = XCConfigurationList;
			buildConfigurations = (
				20F2E0341AD0520200CE926A /* Debug */,
				20F2E0351AD0520200CE926A /* Release */,
			);
			defaultConfigurationIsVisible = 0;
			defaultConfigurationName = Release;
		};
		20F2E0361AD0520200CE926A /* Build configuration list for PBXNativeTarget "Crew-OSXTests" */ = {
			isa = XCConfigurationList;
			buildConfigurations = (
				20F2E0371AD0520200CE926A /* Debug */,
				20F2E0381AD0520200CE926A /* Release */,
			);
			defaultConfigurationIsVisible = 0;
			defaultConfigurationName = Release;
		};
/* End XCConfigurationList section */
	};
	rootObject = 206167191AD04B3700C90C4A /* Project object */;
}
